# THIS IS AN AUTOGENERATED FILE. DO NOT EDIT THIS FILE DIRECTLY.
# yarn lockfile v1


clamscan@^2.1.2:
  version "2.1.2"
  resolved "https://registry.yarnpkg.com/clamscan/-/clamscan-2.1.2.tgz#ed58ef77b9095e3b28a3e7855b2c2acf6a2088ef"
  integrity sha512-pcovgLHcrg3l/mI51Kuk0kN++07pSZdBTskISw0UFvsm8UXda8oNCm0eLeODxFg85Mz+k+TtSS9+XPlriJ8/Fg==
